// !$*UTF8*$!
{
	archiveVersion = 1;
	classes = {
	};
	objectVersion = 46;
	objects = {

/* Begin PBXBuildFile section */
		18B253541FD3C92A007C8BBE /* main.m in Sources */ = {isa = PBXBuildFile; fileRef = 18B253531FD3C92A007C8BBE /* main.m */; };
		18B253571FD3C92A007C8BBE /* AppDelegate.m in Sources */ = {isa = PBXBuildFile; fileRef = 18B253561FD3C92A007C8BBE /* AppDelegate.m */; };
		18B2535A1FD3C92A007C8BBE /* ViewController.m in Sources */ = {isa = PBXBuildFile; fileRef = 18B253591FD3C92A007C8BBE /* ViewController.m */; };
		18B2535D1FD3C92A007C8BBE /* Main.storyboard in Resources */ = {isa = PBXBuildFile; fileRef = 18B2535B1FD3C92A007C8BBE /* Main.storyboard */; };
		18B2535F1FD3C92A007C8BBE /* Assets.xcassets in Resources */ = {isa = PBXBuildFile; fileRef = 18B2535E1FD3C92A007C8BBE /* Assets.xcassets */; };
		18B253621FD3C92A007C8BBE /* LaunchScreen.storyboard in Resources */ = {isa = PBXBuildFile; fileRef = 18B253601FD3C92A007C8BBE /* LaunchScreen.storyboard */; };
		18B2536D1FD3C92A007C8BBE /* GetCityNameProjectTests.m in Sources */ = {isa = PBXBuildFile; fileRef = 18B2536C1FD3C92A007C8BBE /* GetCityNameProjectTests.m */; };
		18B253781FD3C92A007C8BBE /* GetCityNameProjectUITests.m in Sources */ = {isa = PBXBuildFile; fileRef = 18B253771FD3C92A007C8BBE /* GetCityNameProjectUITests.m */; };
/* End PBXBuildFile section */

/* Begin PBXContainerItemProxy section */
		18B253691FD3C92A007C8BBE /* PBXContainerItemProxy */ = {
			isa = PBXContainerItemProxy;
			containerPortal = 18B253471FD3C92A007C8BBE /* Project object */;
			proxyType = 1;
			remoteGlobalIDString = 18B2534E1FD3C92A007C8BBE;
			remoteInfo = GetCityNameProject;
		};
		18B253741FD3C92A007C8BBE /* PBXContainerItemProxy */ = {
			isa = PBXContainerItemProxy;
			containerPortal = 18B253471FD3C92A007C8BBE /* Project object */;
			proxyType = 1;
			remoteGlobalIDString = 18B2534E1FD3C92A007C8BBE;
			remoteInfo = GetCityNameProject;
		};
/* End PBXContainerItemProxy section */

/* Begin PBXFileReference section */
		18B2534F1FD3C92A007C8BBE /* GetCityNameProject.app */ = {isa = PBXFileReference; explicitFileType = wrapper.application; includeInIndex = 0; path = GetCityNameProject.app; sourceTree = BUILT_PRODUCTS_DIR; };
		18B253531FD3C92A007C8BBE /* main.m */ = {isa = PBXFileReference; lastKnownFileType = sourcecode.c.objc; path = main.m; sourceTree = "<group>"; };
		18B253551FD3C92A007C8BBE /* AppDelegate.h */ = {isa = PBXFileReference; lastKnownFileType = sourcecode.c.h; path = AppDelegate.h; sourceTree = "<group>"; };
		18B253561FD3C92A007C8BBE /* AppDelegate.m */ = {isa = PBXFileReference; lastKnownFileType = sourcecode.c.objc; path = AppDelegate.m; sourceTree = "<group>"; };
		18B253581FD3C92A007C8BBE /* ViewController.h */ = {isa = PBXFileReference; lastKnownFileType = sourcecode.c.h; path = ViewController.h; sourceTree = "<group>"; };
		18B253591FD3C92A007C8BBE /* ViewController.m */ = {isa = PBXFileReference; lastKnownFileType = sourcecode.c.objc; path = ViewController.m; sourceTree = "<group>"; };
		18B2535C1FD3C92A007C8BBE /* Base */ = {isa = PBXFileReference; lastKnownFileType = file.storyboard; name = Base; path = Base.lproj/Main.storyboard; sourceTree = "<group>"; };
		18B2535E1FD3C92A007C8BBE /* Assets.xcassets */ = {isa = PBXFileReference; lastKnownFileType = folder.assetcatalog; path = Assets.xcassets; sourceTree = "<group>"; };
		18B253611FD3C92A007C8BBE /* Base */ = {isa = PBXFileReference; lastKnownFileType = file.storyboard; name = Base; path = Base.lproj/LaunchScreen.storyboard; sourceTree = "<group>"; };
		18B253631FD3C92A007C8BBE /* Info.plist */ = {isa = PBXFileReference; lastKnownFileType = text.plist.xml; path = Info.plist; sourceTree = "<group>"; };
		18B253681FD3C92A007C8BBE /* GetCityNameProjectTests.xctest */ = {isa = PBXFileReference; explicitFileType = wrapper.cfbundle; includeInIndex = 0; path = GetCityNameProjectTests.xctest; sourceTree = BUILT_PRODUCTS_DIR; };
		18B2536C1FD3C92A007C8BBE /* GetCityNameProjectTests.m */ = {isa = PBXFileReference; lastKnownFileType = sourcecode.c.objc; path = GetCityNameProjectTests.m; sourceTree = "<group>"; };
		18B2536E1FD3C92A007C8BBE /* Info.plist */ = {isa = PBXFileReference; lastKnownFileType = text.plist.xml; path = Info.plist; sourceTree = "<group>"; };
		18B253731FD3C92A007C8BBE /* GetCityNameProjectUITests.xctest */ = {isa = PBXFileReference; explicitFileType = wrapper.cfbundle; includeInIndex = 0; path = GetCityNameProjectUITests.xctest; sourceTree = BUILT_PRODUCTS_DIR; };
		18B253771FD3C92A007C8BBE /* GetCityNameProjectUITests.m */ = {isa = PBXFileReference; lastKnownFileType = sourcecode.c.objc; path = GetCityNameProjectUITests.m; sourceTree = "<group>"; };
		18B253791FD3C92A007C8BBE /* Info.plist */ = {isa = PBXFileReference; lastKnownFileType = text.plist.xml; path = Info.plist; sourceTree = "<group>"; };
/* End PBXFileReference section */

/* Begin PBXFrameworksBuildPhase section */
		18B2534C1FD3C92A007C8BBE /* Frameworks */ = {
			isa = PBXFrameworksBuildPhase;
			buildActionMask = 2147483647;
			files = (
			);
			runOnlyForDeploymentPostprocessing = 0;
		};
		18B253651FD3C92A007C8BBE /* Frameworks */ = {
			isa = PBXFrameworksBuildPhase;
			buildActionMask = 2147483647;
			files = (
			);
			runOnlyForDeploymentPostprocessing = 0;
		};
		18B253701FD3C92A007C8BBE /* Frameworks */ = {
			isa = PBXFrameworksBuildPhase;
			buildActionMask = 2147483647;
			files = (
			);
			runOnlyForDeploymentPostprocessing = 0;
		};
/* End PBXFrameworksBuildPhase section */

/* Begin PBXGroup section */
		18B253461FD3C92A007C8BBE = {
			isa = PBXGroup;
			children = (
				18B253511FD3C92A007C8BBE /* GetCityNameProject */,
				18B2536B1FD3C92A007C8BBE /* GetCityNameProjectTests */,
				18B253761FD3C92A007C8BBE /* GetCityNameProjectUITests */,
				18B253501FD3C92A007C8BBE /* Products */,
			);
			sourceTree = "<group>";
		};
		18B253501FD3C92A007C8BBE /* Products */ = {
			isa = PBXGroup;
			children = (
				18B2534F1FD3C92A007C8BBE /* GetCityNameProject.app */,
				18B253681FD3C92A007C8BBE /* GetCityNameProjectTests.xctest */,
				18B253731FD3C92A007C8BBE /* GetCityNameProjectUITests.xctest */,
			);
			name = Products;
			sourceTree = "<group>";
		};
		18B253511FD3C92A007C8BBE /* GetCityNameProject */ = {
			isa = PBXGroup;
			children = (
				18B253551FD3C92A007C8BBE /* AppDelegate.h */,
				18B253561FD3C92A007C8BBE /* AppDelegate.m */,
				18B253581FD3C92A007C8BBE /* ViewController.h */,
				18B253591FD3C92A007C8BBE /* ViewController.m */,
				18B2535B1FD3C92A007C8BBE /* Main.storyboard */,
				18B2535E1FD3C92A007C8BBE /* Assets.xcassets */,
				18B253601FD3C92A007C8BBE /* LaunchScreen.storyboard */,
				18B253631FD3C92A007C8BBE /* Info.plist */,
				18B253521FD3C92A007C8BBE /* Supporting Files */,
			);
			path = GetCityNameProject;
			sourceTree = "<group>";
		};
		18B253521FD3C92A007C8BBE /* Supporting Files */ = {
			isa = PBXGroup;
			children = (
				18B253531FD3C92A007C8BBE /* main.m */,
			);
			name = "Supporting Files";
			sourceTree = "<group>";
		};
		18B2536B1FD3C92A007C8BBE /* GetCityNameProjectTests */ = {
			isa = PBXGroup;
			children = (
				18B2536C1FD3C92A007C8BBE /* GetCityNameProjectTests.m */,
				18B2536E1FD3C92A007C8BBE /* Info.plist */,
			);
			path = GetCityNameProjectTests;
			sourceTree = "<group>";
		};
		18B253761FD3C92A007C8BBE /* GetCityNameProjectUITests */ = {
			isa = PBXGroup;
			children = (
				18B253771FD3C92A007C8BBE /* GetCityNameProjectUITests.m */,
				18B253791FD3C92A007C8BBE /* Info.plist */,
			);
			path = GetCityNameProjectUITests;
			sourceTree = "<group>";
		};
/* End PBXGroup section */

/* Begin PBXNativeTarget section */
		18B2534E1FD3C92A007C8BBE /* GetCityNameProject */ = {
			isa = PBXNativeTarget;
			buildConfigurationList = 18B2537C1FD3C92A007C8BBE /* Build configuration list for PBXNativeTarget "GetCityNameProject" */;
			buildPhases = (
				18B2534B1FD3C92A007C8BBE /* Sources */,
				18B2534C1FD3C92A007C8BBE /* Frameworks */,
				18B2534D1FD3C92A007C8BBE /* Resources */,
			);
			buildRules = (
			);
			dependencies = (
			);
			name = GetCityNameProject;
			productName = GetCityNameProject;
			productReference = 18B2534F1FD3C92A007C8BBE /* GetCityNameProject.app */;
			productType = "com.apple.product-type.application";
		};
		18B253671FD3C92A007C8BBE /* GetCityNameProjectTests */ = {
			isa = PBXNativeTarget;
			buildConfigurationList = 18B2537F1FD3C92A007C8BBE /* Build configuration list for PBXNativeTarget "GetCityNameProjectTests" */;
			buildPhases = (
				18B253641FD3C92A007C8BBE /* Sources */,
				18B253651FD3C92A007C8BBE /* Frameworks */,
				18B253661FD3C92A007C8BBE /* Resources */,
			);
			buildRules = (
			);
			dependencies = (
				18B2536A1FD3C92A007C8BBE /* PBXTargetDependency */,
			);
			name = GetCityNameProjectTests;
			productName = GetCityNameProjectTests;
			productReference = 18B253681FD3C92A007C8BBE /* GetCityNameProjectTests.xctest */;
			productType = "com.apple.product-type.bundle.unit-test";
		};
		18B253721FD3C92A007C8BBE /* GetCityNameProjectUITests */ = {
			isa = PBXNativeTarget;
			buildConfigurationList = 18B253821FD3C92A007C8BBE /* Build configuration list for PBXNativeTarget "GetCityNameProjectUITests" */;
			buildPhases = (
				18B2536F1FD3C92A007C8BBE /* Sources */,
				18B253701FD3C92A007C8BBE /* Frameworks */,
				18B253711FD3C92A007C8BBE /* Resources */,
			);
			buildRules = (
			);
			dependencies = (
				18B253751FD3C92A007C8BBE /* PBXTargetDependency */,
			);
			name = GetCityNameProjectUITests;
			productName = GetCityNameProjectUITests;
			productReference = 18B253731FD3C92A007C8BBE /* GetCityNameProjectUITests.xctest */;
			productType = "com.apple.product-type.bundle.ui-testing";
		};
/* End PBXNativeTarget section */

/* Begin PBXProject section */
		18B253471FD3C92A007C8BBE /* Project object */ = {
			isa = PBXProject;
			attributes = {
				LastUpgradeCheck = 0830;
				ORGANIZATIONNAME = "MacBook Pro Retina";
				TargetAttributes = {
					18B2534E1FD3C92A007C8BBE = {
						CreatedOnToolsVersion = 8.3.3;
						ProvisioningStyle = Automatic;
					};
					18B253671FD3C92A007C8BBE = {
						CreatedOnToolsVersion = 8.3.3;
						ProvisioningStyle = Automatic;
						TestTargetID = 18B2534E1FD3C92A007C8BBE;
					};
					18B253721FD3C92A007C8BBE = {
						CreatedOnToolsVersion = 8.3.3;
						ProvisioningStyle = Automatic;
						TestTargetID = 18B2534E1FD3C92A007C8BBE;
					};
				};
			};
			buildConfigurationList = 18B2534A1FD3C92A007C8BBE /* Build configuration list for PBXProject "GetCityNameProject" */;
			compatibilityVersion = "Xcode 3.2";
			developmentRegion = English;
			hasScannedForEncodings = 0;
			knownRegions = (
				en,
				Base,
			);
			mainGroup = 18B253461FD3C92A007C8BBE;
			productRefGroup = 18B253501FD3C92A007C8BBE /* Products */;
			projectDirPath = "";
			projectRoot = "";
			targets = (
				18B2534E1FD3C92A007C8BBE /* GetCityNameProject */,
				18B253671FD3C92A007C8BBE /* GetCityNameProjectTests */,
				18B253721FD3C92A007C8BBE /* GetCityNameProjectUITests */,
			);
		};
/* End PBXProject section */

/* Begin PBXResourcesBuildPhase section */
		18B2534D1FD3C92A007C8BBE /* Resources */ = {
			isa = PBXResourcesBuildPhase;
			buildActionMask = 2147483647;
			files = (
				18B253621FD3C92A007C8BBE /* LaunchScreen.storyboard in Resources */,
				18B2535F1FD3C92A007C8BBE /* Assets.xcassets in Resources */,
				18B2535D1FD3C92A007C8BBE /* Main.storyboard in Resources */,
			);
			runOnlyForDeploymentPostprocessing = 0;
		};
		18B253661FD3C92A007C8BBE /* Resources */ = {
			isa = PBXResourcesBuildPhase;
			buildActionMask = 2147483647;
			files = (
			);
			runOnlyForDeploymentPostprocessing = 0;
		};
		18B253711FD3C92A007C8BBE /* Resources */ = {
			isa = PBXResourcesBuildPhase;
			buildActionMask = 2147483647;
			files = (
			);
			runOnlyForDeploymentPostprocessing = 0;
		};
/* End PBXResourcesBuildPhase section */

/* Begin PBXSourcesBuildPhase section */
		18B2534B1FD3C92A007C8BBE /* Sources */ = {
			isa = PBXSourcesBuildPhase;
			buildActionMask = 2147483647;
			files = (
				18B2535A1FD3C92A007C8BBE /* ViewController.m in Sources */,
				18B253571FD3C92A007C8BBE /* AppDelegate.m in Sources */,
				18B253541FD3C92A007C8BBE /* main.m in Sources */,
			);
			runOnlyForDeploymentPostprocessing = 0;
		};
		18B253641FD3C92A007C8BBE /* Sources */ = {
			isa = PBXSourcesBuildPhase;
			buildActionMask = 2147483647;
			files = (
				18B2536D1FD3C92A007C8BBE /* GetCityNameProjectTests.m in Sources */,
			);
			runOnlyForDeploymentPostprocessing = 0;
		};
		18B2536F1FD3C92A007C8BBE /* Sources */ = {
			isa = PBXSourcesBuildPhase;
			buildActionMask = 2147483647;
			files = (
				18B253781FD3C92A007C8BBE /* GetCityNameProjectUITests.m in Sources */,
			);
			runOnlyForDeploymentPostprocessing = 0;
		};
/* End PBXSourcesBuildPhase section */

/* Begin PBXTargetDependency section */
		18B2536A1FD3C92A007C8BBE /* PBXTargetDependency */ = {
			isa = PBXTargetDependency;
			target = 18B2534E1FD3C92A007C8BBE /* GetCityNameProject */;
			targetProxy = 18B253691FD3C92A007C8BBE /* PBXContainerItemProxy */;
		};
		18B253751FD3C92A007C8BBE /* PBXTargetDependency */ = {
			isa = PBXTargetDependency;
			target = 18B2534E1FD3C92A007C8BBE /* GetCityNameProject */;
			targetProxy = 18B253741FD3C92A007C8BBE /* PBXContainerItemProxy */;
		};
/* End PBXTargetDependency section */

/* Begin PBXVariantGroup section */
		18B2535B1FD3C92A007C8BBE /* Main.storyboard */ = {
			isa = PBXVariantGroup;
			children = (
				18B2535C1FD3C92A007C8BBE /* Base */,
			);
			name = Main.storyboard;
			sourceTree = "<group>";
		};
		18B253601FD3C92A007C8BBE /* LaunchScreen.storyboard */ = {
			isa = PBXVariantGroup;
			children = (
				18B253611FD3C92A007C8BBE /* Base */,
			);
			name = LaunchScreen.storyboard;
			sourceTree = "<group>";
		};
/* End PBXVariantGroup section */

/* Begin XCBuildConfiguration section */
		18B2537A1FD3C92A007C8BBE /* Debug */ = {
			isa = XCBuildConfiguration;
			buildSettings = {
				ALWAYS_SEARCH_USER_PATHS = NO;
				CLANG_ANALYZER_NONNULL = YES;
				CLANG_ANALYZER_NUMBER_OBJECT_CONVERSION = YES_AGGRESSIVE;
				CLANG_CXX_LANGUAGE_STANDARD = "gnu++0x";
				CLANG_CXX_LIBRARY = "libc++";
				CLANG_ENABLE_MODULES = YES;
				CLANG_ENABLE_OBJC_ARC = YES;
				CLANG_WARN_BOOL_CONVERSION = YES;
				CLANG_WARN_CONSTANT_CONVERSION = YES;
				CLANG_WARN_DIRECT_OBJC_ISA_USAGE = YES_ERROR;
				CLANG_WARN_DOCUMENTATION_COMMENTS = YES;
				CLANG_WARN_EMPTY_BODY = YES;
				CLANG_WARN_ENUM_CONVERSION = YES;
				CLANG_WARN_INFINITE_RECURSION = YES;
				CLANG_WARN_INT_CONVERSION = YES;
				CLANG_WARN_OBJC_ROOT_CLASS = YES_ERROR;
				CLANG_WARN_SUSPICIOUS_MOVE = YES;
				CLANG_WARN_UNREACHABLE_CODE = YES;
				CLANG_WARN__DUPLICATE_METHOD_MATCH = YES;
				"CODE_SIGN_IDENTITY[sdk=iphoneos*]" = "iPhone Developer";
				COPY_PHASE_STRIP = NO;
				DEBUG_INFORMATION_FORMAT = dwarf;
				ENABLE_STRICT_OBJC_MSGSEND = YES;
				ENABLE_TESTABILITY = YES;
				GCC_C_LANGUAGE_STANDARD = gnu99;
				GCC_DYNAMIC_NO_PIC = NO;
				GCC_NO_COMMON_BLOCKS = YES;
				GCC_OPTIMIZATION_LEVEL = 0;
				GCC_PREPROCESSOR_DEFINITIONS = (
					"DEBUG=1",
					"$(inherited)",
				);
				GCC_WARN_64_TO_32_BIT_CONVERSION = YES;
				GCC_WARN_ABOUT_RETURN_TYPE = YES_ERROR;
				GCC_WARN_UNDECLARED_SELECTOR = YES;
				GCC_WARN_UNINITIALIZED_AUTOS = YES_AGGRESSIVE;
				GCC_WARN_UNUSED_FUNCTION = YES;
				GCC_WARN_UNUSED_VARIABLE = YES;
				IPHONEOS_DEPLOYMENT_TARGET = 10.3;
				MTL_ENABLE_DEBUG_INFO = YES;
				ONLY_ACTIVE_ARCH = YES;
				SDKROOT = iphoneos;
				TARGETED_DEVICE_FAMILY = "1,2";
			};
			name = Debug;
		};
		18B2537B1FD3C92A007C8BBE /* Release */ = {
			isa = XCBuildConfiguration;
			buildSettings = {
				ALWAYS_SEARCH_USER_PATHS = NO;
				CLANG_ANALYZER_NONNULL = YES;
				CLANG_ANALYZER_NUMBER_OBJECT_CONVERSION = YES_AGGRESSIVE;
				CLANG_CXX_LANGUAGE_STANDARD = "gnu++0x";
				CLANG_CXX_LIBRARY = "libc++";
				CLANG_ENABLE_MODULES = YES;
				CLANG_ENABLE_OBJC_ARC = YES;
				CLANG_WARN_BOOL_CONVERSION = YES;
				CLANG_WARN_CONSTANT_CONVERSION = YES;
				CLANG_WARN_DIRECT_OBJC_ISA_USAGE = YES_ERROR;
				CLANG_WARN_DOCUMENTATION_COMMENTS = YES;
				CLANG_WARN_EMPTY_BODY = YES;
				CLANG_WARN_ENUM_CONVERSION = YES;
				CLANG_WARN_INFINITE_RECURSION = YES;
				CLANG_WARN_INT_CONVERSION = YES;
				CLANG_WARN_OBJC_ROOT_CLASS = YES_ERROR;
				CLANG_WARN_SUSPICIOUS_MOVE = YES;
				CLANG_WARN_UNREACHABLE_CODE = YES;
				CLANG_WARN__DUPLICATE_METHOD_MATCH = YES;
				"CODE_SIGN_IDENTITY[sdk=iphoneos*]" = "iPhone Developer";
				COPY_PHASE_STRIP = NO;
				DEBUG_INFORMATION_FORMAT = "dwarf-with-dsym";
				ENABLE_NS_ASSERTIONS = NO;
				ENABLE_STRICT_OBJC_MSGSEND = YES;
				GCC_C_LANGUAGE_STANDARD = gnu99;
				GCC_NO_COMMON_BLOCKS = YES;
				GCC_WARN_64_TO_32_BIT_CONVERSION = YES;
				GCC_WARN_ABOUT_RETURN_TYPE = YES_ERROR;
				GCC_WARN_UNDECLARED_SELECTOR = YES;
				GCC_WARN_UNINITIALIZED_AUTOS = YES_AGGRESSIVE;
				GCC_WARN_UNUSED_FUNCTION = YES;
				GCC_WARN_UNUSED_VARIABLE = YES;
				IPHONEOS_DEPLOYMENT_TARGET = 10.3;
				MTL_ENABLE_DEBUG_INFO = NO;
				SDKROOT = iphoneos;
				TARGETED_DEVICE_FAMILY = "1,2";
				VALIDATE_PRODUCT = YES;
			};
			name = Release;
		};
		18B2537D1FD3C92A007C8BBE /* Debug */ = {
			isa = XCBuildConfiguration;
			buildSettings = {
				ASSETCATALOG_COMPILER_APPICON_NAME = AppIcon;
				INFOPLIST_FILE = GetCityNameProject/Info.plist;
				LD_RUNPATH_SEARCH_PATHS = "$(inherited) @executable_path/Frameworks";
				PRODUCT_BUNDLE_IDENTIFIER = SRBD.GetCityNameProject;
				PRODUCT_NAME = "$(TARGET_NAME)";
			};
			name = Debug;
		};
		18B2537E1FD3C92A007C8BBE /* Release */ = {
			isa = XCBuildConfiguration;
			buildSettings = {
				ASSETCATALOG_COMPILER_APPICON_NAME = AppIcon;
				INFOPLIST_FILE = GetCityNameProject/Info.plist;
				LD_RUNPATH_SEARCH_PATHS = "$(inherited) @executable_path/Frameworks";
				PRODUCT_BUNDLE_IDENTIFIER = SRBD.GetCityNameProject;
				PRODUCT_NAME = "$(TARGET_NAME)";
			};
			name = Release;
		};
		18B253801FD3C92A007C8BBE /* Debug */ = {
			isa = XCBuildConfiguration;
			buildSettings = {
				BUNDLE_LOADER = "$(TEST_HOST)";
				INFOPLIST_FILE = GetCityNameProjectTests/Info.plist;
				LD_RUNPATH_SEARCH_PATHS = "$(inherited) @executable_path/Frameworks @loader_path/Frameworks";
				PRODUCT_BUNDLE_IDENTIFIER = SRBD.GetCityNameProjectTests;
				PRODUCT_NAME = "$(TARGET_NAME)";
				TEST_HOST = "$(BUILT_PRODUCTS_DIR)/GetCityNameProject.app/GetCityNameProject";
			};
			name = Debug;
		};
		18B253811FD3C92A007C8BBE /* Release */ = {
			isa = XCBuildConfiguration;
			buildSettings = {
				BUNDLE_LOADER = "$(TEST_HOST)";
				INFOPLIST_FILE = GetCityNameProjectTests/Info.plist;
				LD_RUNPATH_SEARCH_PATHS = "$(inherited) @executable_path/Frameworks @loader_path/Frameworks";
				PRODUCT_BUNDLE_IDENTIFIER = SRBD.GetCityNameProjectTests;
				PRODUCT_NAME = "$(TARGET_NAME)";
				TEST_HOST = "$(BUILT_PRODUCTS_DIR)/GetCityNameProject.app/GetCityNameProject";
			};
			name = Release;
		};
		18B253831FD3C92A007C8BBE /* Debug */ = {
			isa = XCBuildConfiguration;
			buildSettings = {
				INFOPLIST_FILE = GetCityNameProjectUITests/Info.plist;
				LD_RUNPATH_SEARCH_PATHS = "$(inherited) @executable_path/Frameworks @loader_path/Frameworks";
				PRODUCT_BUNDLE_IDENTIFIER = SRBD.GetCityNameProjectUITests;
				PRODUCT_NAME = "$(TARGET_NAME)";
				TEST_TARGET_NAME = GetCityNameProject;
			};
			name = Debug;
		};
		18B253841FD3C92A007C8BBE /* Release */ = {
			isa = XCBuildConfiguration;
			buildSettings = {
				INFOPLIST_FILE = GetCityNameProjectUITests/Info.plist;
				LD_RUNPATH_SEARCH_PATHS = "$(inherited) @executable_path/Frameworks @loader_path/Frameworks";
				PRODUCT_BUNDLE_IDENTIFIER = SRBD.GetCityNameProjectUITests;
				PRODUCT_NAME = "$(TARGET_NAME)";
				TEST_TARGET_NAME = GetCityNameProject;
			};
			name = Release;
		};
/* End XCBuildConfiguration section */

/* Begin XCConfigurationList section */
		18B2534A1FD3C92A007C8BBE /* Build configuration list for PBXProject "GetCityNameProject" */ = {
			isa = XCConfigurationList;
			buildConfigurations = (
				18B2537A1FD3C92A007C8BBE /* Debug */,
				18B2537B1FD3C92A007C8BBE /* Release */,
			);
			defaultConfigurationIsVisible = 0;
			defaultConfigurationName = Release;
		};
		18B2537C1FD3C92A007C8BBE /* Build configuration list for PBXNativeTarget "GetCityNameProject" */ = {
			isa = XCConfigurationList;
			buildConfigurations = (
				18B2537D1FD3C92A007C8BBE /* Debug */,
				18B2537E1FD3C92A007C8BBE /* Release */,
			);
			defaultConfigurationIsVisible = 0;
		};
		18B2537F1FD3C92A007C8BBE /* Build configuration list for PBXNativeTarget "GetCityNameProjectTests" */ = {
			isa = XCConfigurationList;
			buildConfigurations = (
				18B253801FD3C92A007C8BBE /* Debug */,
				18B253811FD3C92A007C8BBE /* Release */,
			);
			defaultConfigurationIsVisible = 0;
		};
		18B253821FD3C92A007C8BBE /* Build configuration list for PBXNativeTarget "GetCityNameProjectUITests" */ = {
			isa = XCConfigurationList;
			buildConfigurations = (
				18B253831FD3C92A007C8BBE /* Debug */,
				18B253841FD3C92A007C8BBE /* Release */,
			);
			defaultConfigurationIsVisible = 0;
		};
/* End XCConfigurationList section */
	};
	rootObject = 18B253471FD3C92A007C8BBE /* Project object */;
}
